
Microsoft Visual Studio Solution File, Format Version 12.00
# Visual Studio Version 17
VisualStudioVersion = 17.0.31903.59
MinimumVisualStudioVersion = 10.0.40219.1
Project("{FAE04EC0-301F-11D3-BF4B-00C04F79EFBC}") = "EstadiosApi", "EstadiosApi\EstadiosApi.csproj", "{FE3175CF-BA85-44DB-AC5F-4D05F59F873B}"
EndProject
Project("{FAE04EC0-301F-11D3-BF4B-00C04F79EFBC}") = "EstadiosApi.Tests", "EstadiosApi.Tests\EstadiosApi.Tests.csproj", "{4299D015-00E7-4E2F-A95A-621C6CF67BBB}"
EndProject
Global
	GlobalSection(SolutionConfigurationPlatforms) = preSolution
		Debug|Any CPU = Debug|Any CPU
		Release|Any CPU = Release|Any CPU
	EndGlobalSection
	GlobalSection(SolutionProperties) = preSolution
		HideSolutionNode = FALSE
	EndGlobalSection
	GlobalSection(ProjectConfigurationPlatforms) = postSolution
		{FE3175CF-BA85-44DB-AC5F-4D05F59F873B}.Debug|Any CPU.ActiveCfg = Debug|Any CPU
		{FE3175CF-BA85-44DB-AC5F-4D05F59F873B}.Debug|Any CPU.Build.0 = Debug|Any CPU
		{FE3175CF-BA85-44DB-AC5F-4D05F59F873B}.Release|Any CPU.ActiveCfg = Release|Any CPU
		{FE3175CF-BA85-44DB-AC5F-4D05F59F873B}.Release|Any CPU.Build.0 = Release|Any CPU
		{4299D015-00E7-4E2F-A95A-621C6CF67BBB}.Debug|Any CPU.ActiveCfg = Debug|Any CPU
		{4299D015-00E7-4E2F-A95A-621C6CF67BBB}.Debug|Any CPU.Build.0 = Debug|Any CPU
		{4299D015-00E7-4E2F-A95A-621C6CF67BBB}.Release|Any CPU.ActiveCfg = Release|Any CPU
		{4299D015-00E7-4E2F-A95A-621C6CF67BBB}.Release|Any CPU.Build.0 = Release|Any CPU
	EndGlobalSection
EndGlobal
